
Microsoft Visual Studio Solution File, Format Version 12.00
# Visual Studio 2017
Project("{FAE04EC0-301F-11D3-BF4B-00C04F79EFBC}") = "TapDungeons.Plugins", "TapDungeons.Plugins.csproj", "{65408F3D-9D9C-5F7D-1F8C-C282D919D306}"
EndProject
Project("{FAE04EC0-301F-11D3-BF4B-00C04F79EFBC}") = "TapDungeons", "TapDungeons.csproj", "{AE8B6F13-3C8B-6250-5258-6D8311B5FA98}"
EndProject
Global
	GlobalSection(SolutionConfigurationPlatforms) = preSolution
		Debug|Any CPU = Debug|Any CPU
		Release|Any CPU = Release|Any CPU
	EndGlobalSection
	GlobalSection(ProjectConfigurationPlatforms) = postSolution
		{65408F3D-9D9C-5F7D-1F8C-C282D919D306}.Debug|Any CPU.ActiveCfg = Debug|Any CPU
		{65408F3D-9D9C-5F7D-1F8C-C282D919D306}.Debug|Any CPU.Build.0 = Debug|Any CPU
		{65408F3D-9D9C-5F7D-1F8C-C282D919D306}.Release|Any CPU.ActiveCfg = Release|Any CPU
		{65408F3D-9D9C-5F7D-1F8C-C282D919D306}.Release|Any CPU.Build.0 = Release|Any CPU
		{AE8B6F13-3C8B-6250-5258-6D8311B5FA98}.Debug|Any CPU.ActiveCfg = Debug|Any CPU
		{AE8B6F13-3C8B-6250-5258-6D8311B5FA98}.Debug|Any CPU.Build.0 = Debug|Any CPU
		{AE8B6F13-3C8B-6250-5258-6D8311B5FA98}.Release|Any CPU.ActiveCfg = Release|Any CPU
		{AE8B6F13-3C8B-6250-5258-6D8311B5FA98}.Release|Any CPU.Build.0 = Release|Any CPU
	EndGlobalSection
	GlobalSection(SolutionProperties) = preSolution
		HideSolutionNode = FALSE
	EndGlobalSection
EndGlobal
